
Microsoft Visual Studio Solution File, Format Version 12.00
# Visual Studio Version 16
VisualStudioVersion = 16.0.33328.57
MinimumVisualStudioVersion = 10.0.40219.1
Project("{8BC9CEB8-8B4A-11D0-8D11-00A0C91BC942}") = "Project1", "Project1\Project1.vcxproj", "{864EBD91-5A36-4D89-BA1C-DFD3DDC1A02E}"
EndProject
Global
	GlobalSection(SolutionConfigurationPlatforms) = preSolution
		Debug|x64 = Debug|x64
		Debug|x86 = Debug|x86
		Release|x64 = Release|x64
		Release|x86 = Release|x86
	EndGlobalSection
	GlobalSection(ProjectConfigurationPlatforms) = postSolution
		{864EBD91-5A36-4D89-BA1C-DFD3DDC1A02E}.Debug|x64.ActiveCfg = Debug|x64
		{864EBD91-5A36-4D89-BA1C-DFD3DDC1A02E}.Debug|x64.Build.0 = Debug|x64
		{864EBD91-5A36-4D89-BA1C-DFD3DDC1A02E}.Debug|x86.ActiveCfg = Debug|Win32
		{864EBD91-5A36-4D89-BA1C-DFD3DDC1A02E}.Debug|x86.Build.0 = Debug|Win32
		{864EBD91-5A36-4D89-BA1C-DFD3DDC1A02E}.Release|x64.ActiveCfg = Release|x64
		{864EBD91-5A36-4D89-BA1C-DFD3DDC1A02E}.Release|x64.Build.0 = Release|x64
		{864EBD91-5A36-4D89-BA1C-DFD3DDC1A02E}.Release|x86.ActiveCfg = Release|Win32
		{864EBD91-5A36-4D89-BA1C-DFD3DDC1A02E}.Release|x86.Build.0 = Release|Win32
	EndGlobalSection
	GlobalSection(SolutionProperties) = preSolution
		HideSolutionNode = FALSE
	EndGlobalSection
	GlobalSection(ExtensibilityGlobals) = postSolution
		SolutionGuid = {DB9FDD4F-BE54-47A0-829B-AE4BE976620E}
	EndGlobalSection
EndGlobal
